// !$*UTF8*$!
{
	archiveVersion = 1;
	classes = {
	};
	objectVersion = 50;
	objects = {

/* Begin PBXBuildFile section */
		CA0ADFF226E244A50024E890 /* NeonStyleModifier.swift in Sources */ = {isa = PBXBuildFile; fileRef = CA0ADFF126E244A50024E890 /* NeonStyleModifier.swift */; };
		CA0ADFF426E244E30024E890 /* ViewExtension.swift in Sources */ = {isa = PBXBuildFile; fileRef = CA0ADFF326E244E30024E890 /* ViewExtension.swift */; };
		CA3E87EB26A99CEC002AEAF2 /* AudioRecorderApp.swift in Sources */ = {isa = PBXBuildFile; fileRef = CA3E87EA26A99CEC002AEAF2 /* AudioRecorderApp.swift */; };
		CA3E87ED26A99CEC002AEAF2 /* RecordView.swift in Sources */ = {isa = PBXBuildFile; fileRef = CA3E87EC26A99CEC002AEAF2 /* RecordView.swift */; };
		CA3E87EF26A99CED002AEAF2 /* Assets.xcassets in Resources */ = {isa = PBXBuildFile; fileRef = CA3E87EE26A99CED002AEAF2 /* Assets.xcassets */; };
		CA3E87F226A99CED002AEAF2 /* Preview Assets.xcassets in Resources */ = {isa = PBXBuildFile; fileRef = CA3E87F126A99CED002AEAF2 /* Preview Assets.xcassets */; };
		CA3E87FD26A99CED002AEAF2 /* AudioRecorderTests.swift in Sources */ = {isa = PBXBuildFile; fileRef = CA3E87FC26A99CED002AEAF2 /* AudioRecorderTests.swift */; };
		CA3E880826A99CED002AEAF2 /* AudioRecorderUITests.swift in Sources */ = {isa = PBXBuildFile; fileRef = CA3E880726A99CED002AEAF2 /* AudioRecorderUITests.swift */; };
		CA3E881C26A9AA53002AEAF2 /* RecorderSessionHandler.swift in Sources */ = {isa = PBXBuildFile; fileRef = CA3E881926A9AA53002AEAF2 /* RecorderSessionHandler.swift */; };
		CA3E881D26A9AA53002AEAF2 /* AudioPlayerHandler.swift in Sources */ = {isa = PBXBuildFile; fileRef = CA3E881B26A9AA53002AEAF2 /* AudioPlayerHandler.swift */; };
		CA3E881E26A9AA53002AEAF2 /* RecorderFileHandler.swift in Sources */ = {isa = PBXBuildFile; fileRef = CA3E881726A9AA53002AEAF2 /* RecorderFileHandler.swift */; };
		CA3E881F26A9AA53002AEAF2 /* AudioEditorHandler.swift in Sources */ = {isa = PBXBuildFile; fileRef = CA3E881A26A9AA53002AEAF2 /* AudioEditorHandler.swift */; };
		CA3E882026A9AA53002AEAF2 /* RecorderHandler.swift in Sources */ = {isa = PBXBuildFile; fileRef = CA3E881826A9AA53002AEAF2 /* RecorderHandler.swift */; };
		CA3E882326A9AACC002AEAF2 /* RecorderManager.swift in Sources */ = {isa = PBXBuildFile; fileRef = CA3E882226A9AACC002AEAF2 /* RecorderManager.swift */; };
		CA3E882626A9B380002AEAF2 /* PlayerManager.swift in Sources */ = {isa = PBXBuildFile; fileRef = CA3E882526A9B380002AEAF2 /* PlayerManager.swift */; };
		CA55AD4126D3DAA80000BF40 /* RecordStatus.swift in Sources */ = {isa = PBXBuildFile; fileRef = CA55AD4026D3DAA80000BF40 /* RecordStatus.swift */; };
		CA55AD4326D3DB070000BF40 /* TextAnimationInfo.swift in Sources */ = {isa = PBXBuildFile; fileRef = CA55AD4226D3DB070000BF40 /* TextAnimationInfo.swift */; };
		CA6D6BD026E8E565005B620B /* RecordProgressView.swift in Sources */ = {isa = PBXBuildFile; fileRef = CA6D6BCF26E8E565005B620B /* RecordProgressView.swift */; };
		CA6D6BD326EA3A05005B620B /* TimerButtonView.swift in Sources */ = {isa = PBXBuildFile; fileRef = CA6D6BD226EA3A05005B620B /* TimerButtonView.swift */; };
		CA6D6BD526EA3A25005B620B /* RecordPauseButtonView.swift in Sources */ = {isa = PBXBuildFile; fileRef = CA6D6BD426EA3A25005B620B /* RecordPauseButtonView.swift */; };
		CA6D6BD726EA3A41005B620B /* RecordButtomView.swift in Sources */ = {isa = PBXBuildFile; fileRef = CA6D6BD626EA3A41005B620B /* RecordButtomView.swift */; };
		CA6D6BD926EA3A65005B620B /* RecordStopButtonView.swift in Sources */ = {isa = PBXBuildFile; fileRef = CA6D6BD826EA3A65005B620B /* RecordStopButtonView.swift */; };
		CA6D6BDB26EA3A8A005B620B /* PlaybackButtonView.swift in Sources */ = {isa = PBXBuildFile; fileRef = CA6D6BDA26EA3A8A005B620B /* PlaybackButtonView.swift */; };
		CA6D6BDD26EA3D7F005B620B /* RecordOptionView.swift in Sources */ = {isa = PBXBuildFile; fileRef = CA6D6BDC26EA3D7F005B620B /* RecordOptionView.swift */; };
		CA6D6BDF26EB8FAD005B620B /* ImageExtension.swift in Sources */ = {isa = PBXBuildFile; fileRef = CA6D6BDE26EB8FAD005B620B /* ImageExtension.swift */; };
		CA8E4B9926B9127E00C8ADC5 /* RecordViewModel.swift in Sources */ = {isa = PBXBuildFile; fileRef = CA8E4B9826B9127E00C8ADC5 /* RecordViewModel.swift */; };
		CA8E4B9C26BA187F00C8ADC5 /* RecordControlView.swift in Sources */ = {isa = PBXBuildFile; fileRef = CA8E4B9B26BA187F00C8ADC5 /* RecordControlView.swift */; };
		CA8E4B9E26BA18DA00C8ADC5 /* RecordTimeView.swift in Sources */ = {isa = PBXBuildFile; fileRef = CA8E4B9D26BA18DA00C8ADC5 /* RecordTimeView.swift */; };
		CA8E4BA126BA1C2800C8ADC5 /* ColorExtension.swift in Sources */ = {isa = PBXBuildFile; fileRef = CA8E4BA026BA1C2800C8ADC5 /* ColorExtension.swift */; };
		CA8E4BA626BAC68D00C8ADC5 /* AudioLevelBarView.swift in Sources */ = {isa = PBXBuildFile; fileRef = CA8E4BA526BAC68D00C8ADC5 /* AudioLevelBarView.swift */; };
		CA8E4BA826BAC83B00C8ADC5 /* AudioLevelsView.swift in Sources */ = {isa = PBXBuildFile; fileRef = CA8E4BA726BAC83B00C8ADC5 /* AudioLevelsView.swift */; };
		CAB5E67126F5AAD4007BDD1D /* CountDownView.swift in Sources */ = {isa = PBXBuildFile; fileRef = CAB5E67026F5AAD4007BDD1D /* CountDownView.swift */; };
		CAB5E67426F602F1007BDD1D /* CountDownAdapter.swift in Sources */ = {isa = PBXBuildFile; fileRef = CAB5E67326F602F1007BDD1D /* CountDownAdapter.swift */; };
		CAC310FC26D1CD32006B784F /* RecordStatusTitleView.swift in Sources */ = {isa = PBXBuildFile; fileRef = CAC310FB26D1CD32006B784F /* RecordStatusTitleView.swift */; };
		CAF2889926F8C40E006AC146 /* CountDownButtonView.swift in Sources */ = {isa = PBXBuildFile; fileRef = CAF2889826F8C40E006AC146 /* CountDownButtonView.swift */; };
		CAF2889B26F8CEC9006AC146 /* CountDownType.swift in Sources */ = {isa = PBXBuildFile; fileRef = CAF2889A26F8CEC9006AC146 /* CountDownType.swift */; };
/* End PBXBuildFile section */

/* Begin PBXContainerItemProxy section */
		CA3E87F926A99CED002AEAF2 /* PBXContainerItemProxy */ = {
			isa = PBXContainerItemProxy;
			containerPortal = CA3E87DF26A99CEC002AEAF2 /* Project object */;
			proxyType = 1;
			remoteGlobalIDString = CA3E87E626A99CEC002AEAF2;
			remoteInfo = AudioRecorder;
		};
		CA3E880426A99CED002AEAF2 /* PBXContainerItemProxy */ = {
			isa = PBXContainerItemProxy;
			containerPortal = CA3E87DF26A99CEC002AEAF2 /* Project object */;
			proxyType = 1;
			remoteGlobalIDString = CA3E87E626A99CEC002AEAF2;
			remoteInfo = AudioRecorder;
		};
/* End PBXContainerItemProxy section */

/* Begin PBXFileReference section */
		CA0ADFF126E244A50024E890 /* NeonStyleModifier.swift */ = {isa = PBXFileReference; lastKnownFileType = sourcecode.swift; path = NeonStyleModifier.swift; sourceTree = "<group>"; };
		CA0ADFF326E244E30024E890 /* ViewExtension.swift */ = {isa = PBXFileReference; lastKnownFileType = sourcecode.swift; path = ViewExtension.swift; sourceTree = "<group>"; };
		CA3E87E726A99CEC002AEAF2 /* AudioRecorder.app */ = {isa = PBXFileReference; explicitFileType = wrapper.application; includeInIndex = 0; path = AudioRecorder.app; sourceTree = BUILT_PRODUCTS_DIR; };
		CA3E87EA26A99CEC002AEAF2 /* AudioRecorderApp.swift */ = {isa = PBXFileReference; lastKnownFileType = sourcecode.swift; path = AudioRecorderApp.swift; sourceTree = "<group>"; };
		CA3E87EC26A99CEC002AEAF2 /* RecordView.swift */ = {isa = PBXFileReference; lastKnownFileType = sourcecode.swift; path = RecordView.swift; sourceTree = "<group>"; };
		CA3E87EE26A99CED002AEAF2 /* Assets.xcassets */ = {isa = PBXFileReference; lastKnownFileType = folder.assetcatalog; path = Assets.xcassets; sourceTree = "<group>"; };
		CA3E87F126A99CED002AEAF2 /* Preview Assets.xcassets */ = {isa = PBXFileReference; lastKnownFileType = folder.assetcatalog; path = "Preview Assets.xcassets"; sourceTree = "<group>"; };
		CA3E87F326A99CED002AEAF2 /* Info.plist */ = {isa = PBXFileReference; lastKnownFileType = text.plist.xml; path = Info.plist; sourceTree = "<group>"; };
		CA3E87F826A99CED002AEAF2 /* AudioRecorderTests.xctest */ = {isa = PBXFileReference; explicitFileType = wrapper.cfbundle; includeInIndex = 0; path = AudioRecorderTests.xctest; sourceTree = BUILT_PRODUCTS_DIR; };
		CA3E87FC26A99CED002AEAF2 /* AudioRecorderTests.swift */ = {isa = PBXFileReference; lastKnownFileType = sourcecode.swift; path = AudioRecorderTests.swift; sourceTree = "<group>"; };
		CA3E87FE26A99CED002AEAF2 /* Info.plist */ = {isa = PBXFileReference; lastKnownFileType = text.plist.xml; path = Info.plist; sourceTree = "<group>"; };
		CA3E880326A99CED002AEAF2 /* AudioRecorderUITests.xctest */ = {isa = PBXFileReference; explicitFileType = wrapper.cfbundle; includeInIndex = 0; path = AudioRecorderUITests.xctest; sourceTree = BUILT_PRODUCTS_DIR; };
		CA3E880726A99CED002AEAF2 /* AudioRecorderUITests.swift */ = {isa = PBXFileReference; lastKnownFileType = sourcecode.swift; path = AudioRecorderUITests.swift; sourceTree = "<group>"; };
		CA3E880926A99CED002AEAF2 /* Info.plist */ = {isa = PBXFileReference; lastKnownFileType = text.plist.xml; path = Info.plist; sourceTree = "<group>"; };
		CA3E881726A9AA53002AEAF2 /* RecorderFileHandler.swift */ = {isa = PBXFileReference; lastKnownFileType = sourcecode.swift; path = RecorderFileHandler.swift; sourceTree = "<group>"; };
		CA3E881826A9AA53002AEAF2 /* RecorderHandler.swift */ = {isa = PBXFileReference; lastKnownFileType = sourcecode.swift; path = RecorderHandler.swift; sourceTree = "<group>"; };
		CA3E881926A9AA53002AEAF2 /* RecorderSessionHandler.swift */ = {isa = PBXFileReference; lastKnownFileType = sourcecode.swift; path = RecorderSessionHandler.swift; sourceTree = "<group>"; };
		CA3E881A26A9AA53002AEAF2 /* AudioEditorHandler.swift */ = {isa = PBXFileReference; lastKnownFileType = sourcecode.swift; path = AudioEditorHandler.swift; sourceTree = "<group>"; };
		CA3E881B26A9AA53002AEAF2 /* AudioPlayerHandler.swift */ = {isa = PBXFileReference; lastKnownFileType = sourcecode.swift; path = AudioPlayerHandler.swift; sourceTree = "<group>"; };
		CA3E882226A9AACC002AEAF2 /* RecorderManager.swift */ = {isa = PBXFileReference; fileEncoding = 4; lastKnownFileType = sourcecode.swift; path = RecorderManager.swift; sourceTree = "<group>"; };
		CA3E882526A9B380002AEAF2 /* PlayerManager.swift */ = {isa = PBXFileReference; lastKnownFileType = sourcecode.swift; path = PlayerManager.swift; sourceTree = "<group>"; };
		CA55AD4026D3DAA80000BF40 /* RecordStatus.swift */ = {isa = PBXFileReference; lastKnownFileType = sourcecode.swift; path = RecordStatus.swift; sourceTree = "<group>"; };
		CA55AD4226D3DB070000BF40 /* TextAnimationInfo.swift */ = {isa = PBXFileReference; lastKnownFileType = sourcecode.swift; path = TextAnimationInfo.swift; sourceTree = "<group>"; };
		CA6D6BCF26E8E565005B620B /* RecordProgressView.swift */ = {isa = PBXFileReference; lastKnownFileType = sourcecode.swift; path = RecordProgressView.swift; sourceTree = "<group>"; };
		CA6D6BD226EA3A05005B620B /* TimerButtonView.swift */ = {isa = PBXFileReference; lastKnownFileType = sourcecode.swift; path = TimerButtonView.swift; sourceTree = "<group>"; };
		CA6D6BD426EA3A25005B620B /* RecordPauseButtonView.swift */ = {isa = PBXFileReference; lastKnownFileType = sourcecode.swift; path = RecordPauseButtonView.swift; sourceTree = "<group>"; };
		CA6D6BD626EA3A41005B620B /* RecordButtomView.swift */ = {isa = PBXFileReference; lastKnownFileType = sourcecode.swift; path = RecordButtomView.swift; sourceTree = "<group>"; };
		CA6D6BD826EA3A65005B620B /* RecordStopButtonView.swift */ = {isa = PBXFileReference; lastKnownFileType = sourcecode.swift; path = RecordStopButtonView.swift; sourceTree = "<group>"; };
		CA6D6BDA26EA3A8A005B620B /* PlaybackButtonView.swift */ = {isa = PBXFileReference; lastKnownFileType = sourcecode.swift; path = PlaybackButtonView.swift; sourceTree = "<group>"; };
		CA6D6BDC26EA3D7F005B620B /* RecordOptionView.swift */ = {isa = PBXFileReference; lastKnownFileType = sourcecode.swift; path = RecordOptionView.swift; sourceTree = "<group>"; };
		CA6D6BDE26EB8FAD005B620B /* ImageExtension.swift */ = {isa = PBXFileReference; lastKnownFileType = sourcecode.swift; path = ImageExtension.swift; sourceTree = "<group>"; };
		CA8E4B9826B9127E00C8ADC5 /* RecordViewModel.swift */ = {isa = PBXFileReference; lastKnownFileType = sourcecode.swift; path = RecordViewModel.swift; sourceTree = "<group>"; };
		CA8E4B9B26BA187F00C8ADC5 /* RecordControlView.swift */ = {isa = PBXFileReference; lastKnownFileType = sourcecode.swift; path = RecordControlView.swift; sourceTree = "<group>"; };
		CA8E4B9D26BA18DA00C8ADC5 /* RecordTimeView.swift */ = {isa = PBXFileReference; lastKnownFileType = sourcecode.swift; path = RecordTimeView.swift; sourceTree = "<group>"; };
		CA8E4BA026BA1C2800C8ADC5 /* ColorExtension.swift */ = {isa = PBXFileReference; lastKnownFileType = sourcecode.swift; path = ColorExtension.swift; sourceTree = "<group>"; };
		CA8E4BA526BAC68D00C8ADC5 /* AudioLevelBarView.swift */ = {isa = PBXFileReference; lastKnownFileType = sourcecode.swift; path = AudioLevelBarView.swift; sourceTree = "<group>"; };
		CA8E4BA726BAC83B00C8ADC5 /* AudioLevelsView.swift */ = {isa = PBXFileReference; lastKnownFileType = sourcecode.swift; path = AudioLevelsView.swift; sourceTree = "<group>"; };
		CAB5E67026F5AAD4007BDD1D /* CountDownView.swift */ = {isa = PBXFileReference; lastKnownFileType = sourcecode.swift; path = CountDownView.swift; sourceTree = "<group>"; };
		CAB5E67326F602F1007BDD1D /* CountDownAdapter.swift */ = {isa = PBXFileReference; lastKnownFileType = sourcecode.swift; path = CountDownAdapter.swift; sourceTree = "<group>"; };
		CAC310FB26D1CD32006B784F /* RecordStatusTitleView.swift */ = {isa = PBXFileReference; lastKnownFileType = sourcecode.swift; path = RecordStatusTitleView.swift; sourceTree = "<group>"; };
		CAF2889826F8C40E006AC146 /* CountDownButtonView.swift */ = {isa = PBXFileReference; lastKnownFileType = sourcecode.swift; path = CountDownButtonView.swift; sourceTree = "<group>"; };
		CAF2889A26F8CEC9006AC146 /* CountDownType.swift */ = {isa = PBXFileReference; lastKnownFileType = sourcecode.swift; path = CountDownType.swift; sourceTree = "<group>"; };
/* End PBXFileReference section */

/* Begin PBXFrameworksBuildPhase section */
		CA3E87E426A99CEC002AEAF2 /* Frameworks */ = {
			isa = PBXFrameworksBuildPhase;
			buildActionMask = 2147483647;
			files = (
			);
			runOnlyForDeploymentPostprocessing = 0;
		};
		CA3E87F526A99CED002AEAF2 /* Frameworks */ = {
			isa = PBXFrameworksBuildPhase;
			buildActionMask = 2147483647;
			files = (
			);
			runOnlyForDeploymentPostprocessing = 0;
		};
		CA3E880026A99CED002AEAF2 /* Frameworks */ = {
			isa = PBXFrameworksBuildPhase;
			buildActionMask = 2147483647;
			files = (
			);
			runOnlyForDeploymentPostprocessing = 0;
		};
/* End PBXFrameworksBuildPhase section */

/* Begin PBXGroup section */
		CA0ADFEF26E244490024E890 /* View */ = {
			isa = PBXGroup;
			children = (
				CA0ADFF026E244540024E890 /* Modifier */,
			);
			path = View;
			sourceTree = "<group>";
		};
		CA0ADFF026E244540024E890 /* Modifier */ = {
			isa = PBXGroup;
			children = (
				CA0ADFF126E244A50024E890 /* NeonStyleModifier.swift */,
			);
			path = Modifier;
			sourceTree = "<group>";
		};
		CA3E87DE26A99CEC002AEAF2 = {
			isa = PBXGroup;
			children = (
				CA3E87E926A99CEC002AEAF2 /* AudioRecorder */,
				CA3E87FB26A99CED002AEAF2 /* AudioRecorderTests */,
				CA3E880626A99CED002AEAF2 /* AudioRecorderUITests */,
				CA3E87E826A99CEC002AEAF2 /* Products */,
			);
			sourceTree = "<group>";
		};
		CA3E87E826A99CEC002AEAF2 /* Products */ = {
			isa = PBXGroup;
			children = (
				CA3E87E726A99CEC002AEAF2 /* AudioRecorder.app */,
				CA3E87F826A99CED002AEAF2 /* AudioRecorderTests.xctest */,
				CA3E880326A99CED002AEAF2 /* AudioRecorderUITests.xctest */,
			);
			name = Products;
			sourceTree = "<group>";
		};
		CA3E87E926A99CEC002AEAF2 /* AudioRecorder */ = {
			isa = PBXGroup;
			children = (
				CAB5E67226F602D6007BDD1D /* Adapter */,
				CA8E4BA326BA1D3A00C8ADC5 /* Component */,
				CA8E4BA226BA1D0800C8ADC5 /* Extension */,
				CA8E4B9F26BA1C1300C8ADC5 /* Foundation */,
				CA3E87EE26A99CED002AEAF2 /* Assets.xcassets */,
				CA3E87F326A99CED002AEAF2 /* Info.plist */,
				CA3E87F026A99CED002AEAF2 /* Preview Content */,
			);
			path = AudioRecorder;
			sourceTree = "<group>";
		};
		CA3E87F026A99CED002AEAF2 /* Preview Content */ = {
			isa = PBXGroup;
			children = (
				CA3E87F126A99CED002AEAF2 /* Preview Assets.xcassets */,
			);
			path = "Preview Content";
			sourceTree = "<group>";
		};
		CA3E87FB26A99CED002AEAF2 /* AudioRecorderTests */ = {
			isa = PBXGroup;
			children = (
				CA3E87FC26A99CED002AEAF2 /* AudioRecorderTests.swift */,
				CA3E87FE26A99CED002AEAF2 /* Info.plist */,
			);
			path = AudioRecorderTests;
			sourceTree = "<group>";
		};
		CA3E880626A99CED002AEAF2 /* AudioRecorderUITests */ = {
			isa = PBXGroup;
			children = (
				CA3E880726A99CED002AEAF2 /* AudioRecorderUITests.swift */,
				CA3E880926A99CED002AEAF2 /* Info.plist */,
			);
			path = AudioRecorderUITests;
			sourceTree = "<group>";
		};
		CA3E882126A9AA5C002AEAF2 /* Handler */ = {
			isa = PBXGroup;
			children = (
				CA3E881A26A9AA53002AEAF2 /* AudioEditorHandler.swift */,
				CA3E881B26A9AA53002AEAF2 /* AudioPlayerHandler.swift */,
				CA3E881726A9AA53002AEAF2 /* RecorderFileHandler.swift */,
				CA3E881826A9AA53002AEAF2 /* RecorderHandler.swift */,
				CA3E881926A9AA53002AEAF2 /* RecorderSessionHandler.swift */,
			);
			path = Handler;
			sourceTree = "<group>";
		};
		CA3E882426A9AADF002AEAF2 /* Manager */ = {
			isa = PBXGroup;
			children = (
				CA3E882226A9AACC002AEAF2 /* RecorderManager.swift */,
				CA3E882526A9B380002AEAF2 /* PlayerManager.swift */,
			);
			path = Manager;
			sourceTree = "<group>";
		};
		CA6D6BD126EA3169005B620B /* Button */ = {
			isa = PBXGroup;
			children = (
				CA6D6BD226EA3A05005B620B /* TimerButtonView.swift */,
				CA6D6BD426EA3A25005B620B /* RecordPauseButtonView.swift */,
				CA6D6BD626EA3A41005B620B /* RecordButtomView.swift */,
				CA6D6BD826EA3A65005B620B /* RecordStopButtonView.swift */,
				CA6D6BDA26EA3A8A005B620B /* PlaybackButtonView.swift */,
				CAF2889826F8C40E006AC146 /* CountDownButtonView.swift */,
			);
			path = Button;
			sourceTree = "<group>";
		};
		CA8E4B9726B9126E00C8ADC5 /* Record */ = {
			isa = PBXGroup;
			children = (
				CA8E4B9A26BA185100C8ADC5 /* Views */,
				CA3E87EC26A99CEC002AEAF2 /* RecordView.swift */,
				CA8E4B9826B9127E00C8ADC5 /* RecordViewModel.swift */,
			);
			path = Record;
			sourceTree = "<group>";
		};
		CA8E4B9A26BA185100C8ADC5 /* Views */ = {
			isa = PBXGroup;
			children = (
				CA6D6BD126EA3169005B620B /* Button */,
				CA8E4B9B26BA187F00C8ADC5 /* RecordControlView.swift */,
				CA8E4B9D26BA18DA00C8ADC5 /* RecordTimeView.swift */,
				CA8E4BA526BAC68D00C8ADC5 /* AudioLevelBarView.swift */,
				CA8E4BA726BAC83B00C8ADC5 /* AudioLevelsView.swift */,
				CAC310FB26D1CD32006B784F /* RecordStatusTitleView.swift */,
				CA6D6BCF26E8E565005B620B /* RecordProgressView.swift */,
				CA6D6BDC26EA3D7F005B620B /* RecordOptionView.swift */,
				CAB5E67026F5AAD4007BDD1D /* CountDownView.swift */,
			);
			path = Views;
			sourceTree = "<group>";
		};
		CA8E4B9F26BA1C1300C8ADC5 /* Foundation */ = {
			isa = PBXGroup;
			children = (
				CA0ADFEF26E244490024E890 /* View */,
				CA3E882426A9AADF002AEAF2 /* Manager */,
				CA3E882126A9AA5C002AEAF2 /* Handler */,
				CA55AD4026D3DAA80000BF40 /* RecordStatus.swift */,
				CA55AD4226D3DB070000BF40 /* TextAnimationInfo.swift */,
				CAF2889A26F8CEC9006AC146 /* CountDownType.swift */,
			);
			path = Foundation;
			sourceTree = "<group>";
		};
		CA8E4BA226BA1D0800C8ADC5 /* Extension */ = {
			isa = PBXGroup;
			children = (
				CA8E4BA026BA1C2800C8ADC5 /* ColorExtension.swift */,
				CA0ADFF326E244E30024E890 /* ViewExtension.swift */,
				CA6D6BDE26EB8FAD005B620B /* ImageExtension.swift */,
			);
			path = Extension;
			sourceTree = "<group>";
		};
		CA8E4BA326BA1D3A00C8ADC5 /* Component */ = {
			isa = PBXGroup;
			children = (
				CA8E4BA426BA1D4700C8ADC5 /* App */,
				CA8E4B9726B9126E00C8ADC5 /* Record */,
			);
			path = Component;
			sourceTree = "<group>";
		};
		CA8E4BA426BA1D4700C8ADC5 /* App */ = {
			isa = PBXGroup;
			children = (
				CA3E87EA26A99CEC002AEAF2 /* AudioRecorderApp.swift */,
			);
			path = App;
			sourceTree = "<group>";
		};
		CAB5E67226F602D6007BDD1D /* Adapter */ = {
			isa = PBXGroup;
			children = (
				CAB5E67326F602F1007BDD1D /* CountDownAdapter.swift */,
			);
			path = Adapter;
			sourceTree = "<group>";
		};
/* End PBXGroup section */

/* Begin PBXNativeTarget section */
		CA3E87E626A99CEC002AEAF2 /* AudioRecorder */ = {
			isa = PBXNativeTarget;
			buildConfigurationList = CA3E880C26A99CED002AEAF2 /* Build configuration list for PBXNativeTarget "AudioRecorder" */;
			buildPhases = (
				CA3E87E326A99CEC002AEAF2 /* Sources */,
				CA3E87E426A99CEC002AEAF2 /* Frameworks */,
				CA3E87E526A99CEC002AEAF2 /* Resources */,
			);
			buildRules = (
			);
			dependencies = (
			);
			name = AudioRecorder;
			productName = AudioRecorder;
			productReference = CA3E87E726A99CEC002AEAF2 /* AudioRecorder.app */;
			productType = "com.apple.product-type.application";
		};
		CA3E87F726A99CED002AEAF2 /* AudioRecorderTests */ = {
			isa = PBXNativeTarget;
			buildConfigurationList = CA3E880F26A99CED002AEAF2 /* Build configuration list for PBXNativeTarget "AudioRecorderTests" */;
			buildPhases = (
				CA3E87F426A99CED002AEAF2 /* Sources */,
				CA3E87F526A99CED002AEAF2 /* Frameworks */,
				CA3E87F626A99CED002AEAF2 /* Resources */,
			);
			buildRules = (
			);
			dependencies = (
				CA3E87FA26A99CED002AEAF2 /* PBXTargetDependency */,
			);
			name = AudioRecorderTests;
			productName = AudioRecorderTests;
			productReference = CA3E87F826A99CED002AEAF2 /* AudioRecorderTests.xctest */;
			productType = "com.apple.product-type.bundle.unit-test";
		};
		CA3E880226A99CED002AEAF2 /* AudioRecorderUITests */ = {
			isa = PBXNativeTarget;
			buildConfigurationList = CA3E881226A99CED002AEAF2 /* Build configuration list for PBXNativeTarget "AudioRecorderUITests" */;
			buildPhases = (
				CA3E87FF26A99CED002AEAF2 /* Sources */,
				CA3E880026A99CED002AEAF2 /* Frameworks */,
				CA3E880126A99CED002AEAF2 /* Resources */,
			);
			buildRules = (
			);
			dependencies = (
				CA3E880526A99CED002AEAF2 /* PBXTargetDependency */,
			);
			name = AudioRecorderUITests;
			productName = AudioRecorderUITests;
			productReference = CA3E880326A99CED002AEAF2 /* AudioRecorderUITests.xctest */;
			productType = "com.apple.product-type.bundle.ui-testing";
		};
/* End PBXNativeTarget section */

/* Begin PBXProject section */
		CA3E87DF26A99CEC002AEAF2 /* Project object */ = {
			isa = PBXProject;
			attributes = {
				LastSwiftUpdateCheck = 1250;
				LastUpgradeCheck = 1250;
				TargetAttributes = {
					CA3E87E626A99CEC002AEAF2 = {
						CreatedOnToolsVersion = 12.5.1;
					};
					CA3E87F726A99CED002AEAF2 = {
						CreatedOnToolsVersion = 12.5.1;
						TestTargetID = CA3E87E626A99CEC002AEAF2;
					};
					CA3E880226A99CED002AEAF2 = {
						CreatedOnToolsVersion = 12.5.1;
						TestTargetID = CA3E87E626A99CEC002AEAF2;
					};
				};
			};
			buildConfigurationList = CA3E87E226A99CEC002AEAF2 /* Build configuration list for PBXProject "AudioRecorder" */;
			compatibilityVersion = "Xcode 9.3";
			developmentRegion = en;
			hasScannedForEncodings = 0;
			knownRegions = (
				en,
				Base,
			);
			mainGroup = CA3E87DE26A99CEC002AEAF2;
			productRefGroup = CA3E87E826A99CEC002AEAF2 /* Products */;
			projectDirPath = "";
			projectRoot = "";
			targets = (
				CA3E87E626A99CEC002AEAF2 /* AudioRecorder */,
				CA3E87F726A99CED002AEAF2 /* AudioRecorderTests */,
				CA3E880226A99CED002AEAF2 /* AudioRecorderUITests */,
			);
		};
/* End PBXProject section */

/* Begin PBXResourcesBuildPhase section */
		CA3E87E526A99CEC002AEAF2 /* Resources */ = {
			isa = PBXResourcesBuildPhase;
			buildActionMask = 2147483647;
			files = (
				CA3E87F226A99CED002AEAF2 /* Preview Assets.xcassets in Resources */,
				CA3E87EF26A99CED002AEAF2 /* Assets.xcassets in Resources */,
			);
			runOnlyForDeploymentPostprocessing = 0;
		};
		CA3E87F626A99CED002AEAF2 /* Resources */ = {
			isa = PBXResourcesBuildPhase;
			buildActionMask = 2147483647;
			files = (
			);
			runOnlyForDeploymentPostprocessing = 0;
		};
		CA3E880126A99CED002AEAF2 /* Resources */ = {
			isa = PBXResourcesBuildPhase;
			buildActionMask = 2147483647;
			files = (
			);
			runOnlyForDeploymentPostprocessing = 0;
		};
/* End PBXResourcesBuildPhase section */

/* Begin PBXSourcesBuildPhase section */
		CA3E87E326A99CEC002AEAF2 /* Sources */ = {
			isa = PBXSourcesBuildPhase;
			buildActionMask = 2147483647;
			files = (
				CA8E4B9E26BA18DA00C8ADC5 /* RecordTimeView.swift in Sources */,
				CA8E4BA826BAC83B00C8ADC5 /* AudioLevelsView.swift in Sources */,
				CA0ADFF226E244A50024E890 /* NeonStyleModifier.swift in Sources */,
				CA6D6BDF26EB8FAD005B620B /* ImageExtension.swift in Sources */,
				CA3E87ED26A99CEC002AEAF2 /* RecordView.swift in Sources */,
				CA6D6BD026E8E565005B620B /* RecordProgressView.swift in Sources */,
				CA3E882326A9AACC002AEAF2 /* RecorderManager.swift in Sources */,
				CA8E4B9C26BA187F00C8ADC5 /* RecordControlView.swift in Sources */,
				CA6D6BDB26EA3A8A005B620B /* PlaybackButtonView.swift in Sources */,
				CA3E881E26A9AA53002AEAF2 /* RecorderFileHandler.swift in Sources */,
				CA6D6BDD26EA3D7F005B620B /* RecordOptionView.swift in Sources */,
				CAF2889926F8C40E006AC146 /* CountDownButtonView.swift in Sources */,
				CAC310FC26D1CD32006B784F /* RecordStatusTitleView.swift in Sources */,
				CA8E4B9926B9127E00C8ADC5 /* RecordViewModel.swift in Sources */,
				CA6D6BD926EA3A65005B620B /* RecordStopButtonView.swift in Sources */,
				CA6D6BD326EA3A05005B620B /* TimerButtonView.swift in Sources */,
				CA3E881F26A9AA53002AEAF2 /* AudioEditorHandler.swift in Sources */,
				CAF2889B26F8CEC9006AC146 /* CountDownType.swift in Sources */,
				CA3E881C26A9AA53002AEAF2 /* RecorderSessionHandler.swift in Sources */,
				CAB5E67426F602F1007BDD1D /* CountDownAdapter.swift in Sources */,
				CA6D6BD526EA3A25005B620B /* RecordPauseButtonView.swift in Sources */,
				CA55AD4126D3DAA80000BF40 /* RecordStatus.swift in Sources */,
				CA8E4BA626BAC68D00C8ADC5 /* AudioLevelBarView.swift in Sources */,
				CA3E882626A9B380002AEAF2 /* PlayerManager.swift in Sources */,
				CA0ADFF426E244E30024E890 /* ViewExtension.swift in Sources */,
				CA8E4BA126BA1C2800C8ADC5 /* ColorExtension.swift in Sources */,
				CAB5E67126F5AAD4007BDD1D /* CountDownView.swift in Sources */,
				CA3E87EB26A99CEC002AEAF2 /* AudioRecorderApp.swift in Sources */,
				CA3E882026A9AA53002AEAF2 /* RecorderHandler.swift in Sources */,
				CA3E881D26A9AA53002AEAF2 /* AudioPlayerHandler.swift in Sources */,
				CA6D6BD726EA3A41005B620B /* RecordButtomView.swift in Sources */,
				CA55AD4326D3DB070000BF40 /* TextAnimationInfo.swift in Sources */,
			);
			runOnlyForDeploymentPostprocessing = 0;
		};
		CA3E87F426A99CED002AEAF2 /* Sources */ = {
			isa = PBXSourcesBuildPhase;
			buildActionMask = 2147483647;
			files = (
				CA3E87FD26A99CED002AEAF2 /* AudioRecorderTests.swift in Sources */,
			);
			runOnlyForDeploymentPostprocessing = 0;
		};
		CA3E87FF26A99CED002AEAF2 /* Sources */ = {
			isa = PBXSourcesBuildPhase;
			buildActionMask = 2147483647;
			files = (
				CA3E880826A99CED002AEAF2 /* AudioRecorderUITests.swift in Sources */,
			);
			runOnlyForDeploymentPostprocessing = 0;
		};
/* End PBXSourcesBuildPhase section */

/* Begin PBXTargetDependency section */
		CA3E87FA26A99CED002AEAF2 /* PBXTargetDependency */ = {
			isa = PBXTargetDependency;
			target = CA3E87E626A99CEC002AEAF2 /* AudioRecorder */;
			targetProxy = CA3E87F926A99CED002AEAF2 /* PBXContainerItemProxy */;
		};
		CA3E880526A99CED002AEAF2 /* PBXTargetDependency */ = {
			isa = PBXTargetDependency;
			target = CA3E87E626A99CEC002AEAF2 /* AudioRecorder */;
			targetProxy = CA3E880426A99CED002AEAF2 /* PBXContainerItemProxy */;
		};
/* End PBXTargetDependency section */

/* Begin XCBuildConfiguration section */
		CA3E880A26A99CED002AEAF2 /* Debug */ = {
			isa = XCBuildConfiguration;
			buildSettings = {
				ALWAYS_SEARCH_USER_PATHS = NO;
				CLANG_ANALYZER_NONNULL = YES;
				CLANG_ANALYZER_NUMBER_OBJECT_CONVERSION = YES_AGGRESSIVE;
				CLANG_CXX_LANGUAGE_STANDARD = "gnu++14";
				CLANG_CXX_LIBRARY = "libc++";
				CLANG_ENABLE_MODULES = YES;
				CLANG_ENABLE_OBJC_ARC = YES;
				CLANG_ENABLE_OBJC_WEAK = YES;
				CLANG_WARN_BLOCK_CAPTURE_AUTORELEASING = YES;
				CLANG_WARN_BOOL_CONVERSION = YES;
				CLANG_WARN_COMMA = YES;
				CLANG_WARN_CONSTANT_CONVERSION = YES;
				CLANG_WARN_DEPRECATED_OBJC_IMPLEMENTATIONS = YES;
				CLANG_WARN_DIRECT_OBJC_ISA_USAGE = YES_ERROR;
				CLANG_WARN_DOCUMENTATION_COMMENTS = YES;
				CLANG_WARN_EMPTY_BODY = YES;
				CLANG_WARN_ENUM_CONVERSION = YES;
				CLANG_WARN_INFINITE_RECURSION = YES;
				CLANG_WARN_INT_CONVERSION = YES;
				CLANG_WARN_NON_LITERAL_NULL_CONVERSION = YES;
				CLANG_WARN_OBJC_IMPLICIT_RETAIN_SELF = YES;
				CLANG_WARN_OBJC_LITERAL_CONVERSION = YES;
				CLANG_WARN_OBJC_ROOT_CLASS = YES_ERROR;
				CLANG_WARN_QUOTED_INCLUDE_IN_FRAMEWORK_HEADER = YES;
				CLANG_WARN_RANGE_LOOP_ANALYSIS = YES;
				CLANG_WARN_STRICT_PROTOTYPES = YES;
				CLANG_WARN_SUSPICIOUS_MOVE = YES;
				CLANG_WARN_UNGUARDED_AVAILABILITY = YES_AGGRESSIVE;
				CLANG_WARN_UNREACHABLE_CODE = YES;
				CLANG_WARN__DUPLICATE_METHOD_MATCH = YES;
				COPY_PHASE_STRIP = NO;
				DEBUG_INFORMATION_FORMAT = dwarf;
				ENABLE_STRICT_OBJC_MSGSEND = YES;
				ENABLE_TESTABILITY = YES;
				GCC_C_LANGUAGE_STANDARD = gnu11;
				GCC_DYNAMIC_NO_PIC = NO;
				GCC_NO_COMMON_BLOCKS = YES;
				GCC_OPTIMIZATION_LEVEL = 0;
				GCC_PREPROCESSOR_DEFINITIONS = (
					"DEBUG=1",
					"$(inherited)",
				);
				GCC_WARN_64_TO_32_BIT_CONVERSION = YES;
				GCC_WARN_ABOUT_RETURN_TYPE = YES_ERROR;
				GCC_WARN_UNDECLARED_SELECTOR = YES;
				GCC_WARN_UNINITIALIZED_AUTOS = YES_AGGRESSIVE;
				GCC_WARN_UNUSED_FUNCTION = YES;
				GCC_WARN_UNUSED_VARIABLE = YES;
				IPHONEOS_DEPLOYMENT_TARGET = 14.5;
				MTL_ENABLE_DEBUG_INFO = INCLUDE_SOURCE;
				MTL_FAST_MATH = YES;
				ONLY_ACTIVE_ARCH = YES;
				SDKROOT = iphoneos;
				SWIFT_ACTIVE_COMPILATION_CONDITIONS = DEBUG;
				SWIFT_OPTIMIZATION_LEVEL = "-Onone";
			};
			name = Debug;
		};
		CA3E880B26A99CED002AEAF2 /* Release */ = {
			isa = XCBuildConfiguration;
			buildSettings = {
				ALWAYS_SEARCH_USER_PATHS = NO;
				CLANG_ANALYZER_NONNULL = YES;
				CLANG_ANALYZER_NUMBER_OBJECT_CONVERSION = YES_AGGRESSIVE;
				CLANG_CXX_LANGUAGE_STANDARD = "gnu++14";
				CLANG_CXX_LIBRARY = "libc++";
				CLANG_ENABLE_MODULES = YES;
				CLANG_ENABLE_OBJC_ARC = YES;
				CLANG_ENABLE_OBJC_WEAK = YES;
				CLANG_WARN_BLOCK_CAPTURE_AUTORELEASING = YES;
				CLANG_WARN_BOOL_CONVERSION = YES;
				CLANG_WARN_COMMA = YES;
				CLANG_WARN_CONSTANT_CONVERSION = YES;
				CLANG_WARN_DEPRECATED_OBJC_IMPLEMENTATIONS = YES;
				CLANG_WARN_DIRECT_OBJC_ISA_USAGE = YES_ERROR;
				CLANG_WARN_DOCUMENTATION_COMMENTS = YES;
				CLANG_WARN_EMPTY_BODY = YES;
				CLANG_WARN_ENUM_CONVERSION = YES;
				CLANG_WARN_INFINITE_RECURSION = YES;
				CLANG_WARN_INT_CONVERSION = YES;
				CLANG_WARN_NON_LITERAL_NULL_CONVERSION = YES;
				CLANG_WARN_OBJC_IMPLICIT_RETAIN_SELF = YES;
				CLANG_WARN_OBJC_LITERAL_CONVERSION = YES;
				CLANG_WARN_OBJC_ROOT_CLASS = YES_ERROR;
				CLANG_WARN_QUOTED_INCLUDE_IN_FRAMEWORK_HEADER = YES;
				CLANG_WARN_RANGE_LOOP_ANALYSIS = YES;
				CLANG_WARN_STRICT_PROTOTYPES = YES;
				CLANG_WARN_SUSPICIOUS_MOVE = YES;
				CLANG_WARN_UNGUARDED_AVAILABILITY = YES_AGGRESSIVE;
				CLANG_WARN_UNREACHABLE_CODE = YES;
				CLANG_WARN__DUPLICATE_METHOD_MATCH = YES;
				COPY_PHASE_STRIP = NO;
				DEBUG_INFORMATION_FORMAT = "dwarf-with-dsym";
				ENABLE_NS_ASSERTIONS = NO;
				ENABLE_STRICT_OBJC_MSGSEND = YES;
				GCC_C_LANGUAGE_STANDARD = gnu11;
				GCC_NO_COMMON_BLOCKS = YES;
				GCC_WARN_64_TO_32_BIT_CONVERSION = YES;
				GCC_WARN_ABOUT_RETURN_TYPE = YES_ERROR;
				GCC_WARN_UNDECLARED_SELECTOR = YES;
				GCC_WARN_UNINITIALIZED_AUTOS = YES_AGGRESSIVE;
				GCC_WARN_UNUSED_FUNCTION = YES;
				GCC_WARN_UNUSED_VARIABLE = YES;
				IPHONEOS_DEPLOYMENT_TARGET = 14.5;
				MTL_ENABLE_DEBUG_INFO = NO;
				MTL_FAST_MATH = YES;
				SDKROOT = iphoneos;
				SWIFT_COMPILATION_MODE = wholemodule;
				SWIFT_OPTIMIZATION_LEVEL = "-O";
				VALIDATE_PRODUCT = YES;
			};
			name = Release;
		};
		CA3E880D26A99CED002AEAF2 /* Debug */ = {
			isa = XCBuildConfiguration;
			buildSettings = {
				ASSETCATALOG_COMPILER_APPICON_NAME = AppIcon;
				ASSETCATALOG_COMPILER_GLOBAL_ACCENT_COLOR_NAME = AccentColor;
				CODE_SIGN_STYLE = Automatic;
				DEVELOPMENT_ASSET_PATHS = "\"AudioRecorder/Preview Content\"";
				DEVELOPMENT_TEAM = Q22XAKJMSL;
				ENABLE_PREVIEWS = YES;
				INFOPLIST_FILE = AudioRecorder/Info.plist;
				IPHONEOS_DEPLOYMENT_TARGET = 14.0;
				LD_RUNPATH_SEARCH_PATHS = (
					"$(inherited)",
					"@executable_path/Frameworks",
				);
				PRODUCT_BUNDLE_IDENTIFIER = jp.radiotalk.AudioRecorder;
				PRODUCT_NAME = "$(TARGET_NAME)";
				SWIFT_VERSION = 5.0;
				TARGETED_DEVICE_FAMILY = "1,2";
			};
			name = Debug;
		};
		CA3E880E26A99CED002AEAF2 /* Release */ = {
			isa = XCBuildConfiguration;
			buildSettings = {
				ASSETCATALOG_COMPILER_APPICON_NAME = AppIcon;
				ASSETCATALOG_COMPILER_GLOBAL_ACCENT_COLOR_NAME = AccentColor;
				CODE_SIGN_STYLE = Automatic;
				DEVELOPMENT_ASSET_PATHS = "\"AudioRecorder/Preview Content\"";
				DEVELOPMENT_TEAM = Q22XAKJMSL;
				ENABLE_PREVIEWS = YES;
				INFOPLIST_FILE = AudioRecorder/Info.plist;
				IPHONEOS_DEPLOYMENT_TARGET = 14.0;
				LD_RUNPATH_SEARCH_PATHS = (
					"$(inherited)",
					"@executable_path/Frameworks",
				);
				PRODUCT_BUNDLE_IDENTIFIER = jp.radiotalk.AudioRecorder;
				PRODUCT_NAME = "$(TARGET_NAME)";
				SWIFT_VERSION = 5.0;
				TARGETED_DEVICE_FAMILY = "1,2";
			};
			name = Release;
		};
		CA3E881026A99CED002AEAF2 /* Debug */ = {
			isa = XCBuildConfiguration;
			buildSettings = {
				ALWAYS_EMBED_SWIFT_STANDARD_LIBRARIES = YES;
				BUNDLE_LOADER = "$(TEST_HOST)";
				CODE_SIGN_STYLE = Automatic;
				DEVELOPMENT_TEAM = Q22XAKJMSL;
				INFOPLIST_FILE = AudioRecorderTests/Info.plist;
				IPHONEOS_DEPLOYMENT_TARGET = 14.0;
				LD_RUNPATH_SEARCH_PATHS = (
					"$(inherited)",
					"@executable_path/Frameworks",
					"@loader_path/Frameworks",
				);
				PRODUCT_BUNDLE_IDENTIFIER = jp.radiotalk.AudioRecorderTests;
				PRODUCT_NAME = "$(TARGET_NAME)";
				SWIFT_VERSION = 5.0;
				TARGETED_DEVICE_FAMILY = "1,2";
				TEST_HOST = "$(BUILT_PRODUCTS_DIR)/AudioRecorder.app/AudioRecorder";
			};
			name = Debug;
		};
		CA3E881126A99CED002AEAF2 /* Release */ = {
			isa = XCBuildConfiguration;
			buildSettings = {
				ALWAYS_EMBED_SWIFT_STANDARD_LIBRARIES = YES;
				BUNDLE_LOADER = "$(TEST_HOST)";
				CODE_SIGN_STYLE = Automatic;
				DEVELOPMENT_TEAM = Q22XAKJMSL;
				INFOPLIST_FILE = AudioRecorderTests/Info.plist;
				IPHONEOS_DEPLOYMENT_TARGET = 14.0;
				LD_RUNPATH_SEARCH_PATHS = (
					"$(inherited)",
					"@executable_path/Frameworks",
					"@loader_path/Frameworks",
				);
				PRODUCT_BUNDLE_IDENTIFIER = jp.radiotalk.AudioRecorderTests;
				PRODUCT_NAME = "$(TARGET_NAME)";
				SWIFT_VERSION = 5.0;
				TARGETED_DEVICE_FAMILY = "1,2";
				TEST_HOST = "$(BUILT_PRODUCTS_DIR)/AudioRecorder.app/AudioRecorder";
			};
			name = Release;
		};
		CA3E881326A99CED002AEAF2 /* Debug */ = {
			isa = XCBuildConfiguration;
			buildSettings = {
				ALWAYS_EMBED_SWIFT_STANDARD_LIBRARIES = YES;
				CODE_SIGN_STYLE = Automatic;
				DEVELOPMENT_TEAM = Q22XAKJMSL;
				INFOPLIST_FILE = AudioRecorderUITests/Info.plist;
				LD_RUNPATH_SEARCH_PATHS = (
					"$(inherited)",
					"@executable_path/Frameworks",
					"@loader_path/Frameworks",
				);
				PRODUCT_BUNDLE_IDENTIFIER = jp.radiotalk.AudioRecorderUITests;
				PRODUCT_NAME = "$(TARGET_NAME)";
				SWIFT_VERSION = 5.0;
				TARGETED_DEVICE_FAMILY = "1,2";
				TEST_TARGET_NAME = AudioRecorder;
			};
			name = Debug;
		};
		CA3E881426A99CED002AEAF2 /* Release */ = {
			isa = XCBuildConfiguration;
			buildSettings = {
				ALWAYS_EMBED_SWIFT_STANDARD_LIBRARIES = YES;
				CODE_SIGN_STYLE = Automatic;
				DEVELOPMENT_TEAM = Q22XAKJMSL;
				INFOPLIST_FILE = AudioRecorderUITests/Info.plist;
				LD_RUNPATH_SEARCH_PATHS = (
					"$(inherited)",
					"@executable_path/Frameworks",
					"@loader_path/Frameworks",
				);
				PRODUCT_BUNDLE_IDENTIFIER = jp.radiotalk.AudioRecorderUITests;
				PRODUCT_NAME = "$(TARGET_NAME)";
				SWIFT_VERSION = 5.0;
				TARGETED_DEVICE_FAMILY = "1,2";
				TEST_TARGET_NAME = AudioRecorder;
			};
			name = Release;
		};
/* End XCBuildConfiguration section */

/* Begin XCConfigurationList section */
		CA3E87E226A99CEC002AEAF2 /* Build configuration list for PBXProject "AudioRecorder" */ = {
			isa = XCConfigurationList;
			buildConfigurations = (
				CA3E880A26A99CED002AEAF2 /* Debug */,
				CA3E880B26A99CED002AEAF2 /* Release */,
			);
			defaultConfigurationIsVisible = 0;
			defaultConfigurationName = Release;
		};
		CA3E880C26A99CED002AEAF2 /* Build configuration list for PBXNativeTarget "AudioRecorder" */ = {
			isa = XCConfigurationList;
			buildConfigurations = (
				CA3E880D26A99CED002AEAF2 /* Debug */,
				CA3E880E26A99CED002AEAF2 /* Release */,
			);
			defaultConfigurationIsVisible = 0;
			defaultConfigurationName = Release;
		};
		CA3E880F26A99CED002AEAF2 /* Build configuration list for PBXNativeTarget "AudioRecorderTests" */ = {
			isa = XCConfigurationList;
			buildConfigurations = (
				CA3E881026A99CED002AEAF2 /* Debug */,
				CA3E881126A99CED002AEAF2 /* Release */,
			);
			defaultConfigurationIsVisible = 0;
			defaultConfigurationName = Release;
		};
		CA3E881226A99CED002AEAF2 /* Build configuration list for PBXNativeTarget "AudioRecorderUITests" */ = {
			isa = XCConfigurationList;
			buildConfigurations = (
				CA3E881326A99CED002AEAF2 /* Debug */,
				CA3E881426A99CED002AEAF2 /* Release */,
			);
			defaultConfigurationIsVisible = 0;
			defaultConfigurationName = Release;
		};
/* End XCConfigurationList section */
	};
	rootObject = CA3E87DF26A99CEC002AEAF2 /* Project object */;
}
